
Microsoft Visual Studio Solution File, Format Version 12.00
# Visual Studio Version 17
VisualStudioVersion = 17.8.34330.188
MinimumVisualStudioVersion = 10.0.40219.1
Project("{2150E333-8FDC-42A3-9474-1A3956D46DE8}") = "ApiGateways", "ApiGateways", "{55E4A1E9-752A-41E5-8D82-A01450731502}"
EndProject
Project("{2150E333-8FDC-42A3-9474-1A3956D46DE8}") = "SharedKernel", "SharedKernel", "{F05225D2-2AE2-44E0-B1C2-EAC88CE8DF6C}"
EndProject
Project("{2150E333-8FDC-42A3-9474-1A3956D46DE8}") = "Services", "Services", "{8AAD5322-2C93-4CE4-8228-7000E746BEA0}"
EndProject
Project("{2150E333-8FDC-42A3-9474-1A3956D46DE8}") = "src", "src", "{4023CEDB-2D1A-4F1C-9453-1F4BD86C7BF7}"
EndProject
Project("{2150E333-8FDC-42A3-9474-1A3956D46DE8}") = "test", "test", "{BDDADF63-3335-47A5-935E-81286D17AC40}"
EndProject
Project("{9A19103F-16F7-4668-BE54-9A1E7A4F7556}") = "Web.ApiGateway", "src\ApiGateways\Web.ApiGateway\Web.ApiGateway.csproj", "{B71FB92E-7F8A-45B7-9EC0-D324031DBEB6}"
EndProject
Project("{E53339B2-1760-4266-BCC7-CA923CBCF16C}") = "docker-compose", "docker-compose.dcproj", "{65ADC889-DA20-4ABA-9C53-0070B2523B1C}"
EndProject
Project("{2150E333-8FDC-42A3-9474-1A3956D46DE8}") = "fluent-bit", "fluent-bit", "{DB73BB76-6D14-48C0-A365-5E64D0D97982}"
	ProjectSection(SolutionItems) = preProject
		configs\fluent-bit\fluent-bit.conf = configs\fluent-bit\fluent-bit.conf
		configs\fluent-bit\parsers.conf = configs\fluent-bit\parsers.conf
	EndProjectSection
EndProject
Project("{2150E333-8FDC-42A3-9474-1A3956D46DE8}") = "grafana", "grafana", "{08E09F41-DA0A-4791-8168-A53D235AE3D3}"
EndProject
Project("{2150E333-8FDC-42A3-9474-1A3956D46DE8}") = "provisioning", "provisioning", "{444978F9-B99E-438C-8A0A-3B3110B38166}"
EndProject
Project("{2150E333-8FDC-42A3-9474-1A3956D46DE8}") = "datasources", "datasources", "{A70C9FEC-FB89-45A8-A490-7ED99D0E836C}"
	ProjectSection(SolutionItems) = preProject
		configs\grafana\provisioning\datasources\datasouces.yaml = configs\grafana\provisioning\datasources\datasouces.yaml
	EndProjectSection
EndProject
Project("{2150E333-8FDC-42A3-9474-1A3956D46DE8}") = "dashboards", "dashboards", "{0030F574-AC5B-41AA-A55A-161507214AAF}"
	ProjectSection(SolutionItems) = preProject
		configs\grafana\provisioning\dashboards\dashboard.yml = configs\grafana\provisioning\dashboards\dashboard.yml
		configs\grafana\provisioning\dashboards\docker_containers.json = configs\grafana\provisioning\dashboards\docker_containers.json
		configs\grafana\provisioning\dashboards\docker_host.json = configs\grafana\provisioning\dashboards\docker_host.json
		configs\grafana\provisioning\dashboards\monitor_services.json = configs\grafana\provisioning\dashboards\monitor_services.json
		configs\grafana\provisioning\dashboards\nginx_container.json = configs\grafana\provisioning\dashboards\nginx_container.json
	EndProjectSection
EndProject
Project("{2150E333-8FDC-42A3-9474-1A3956D46DE8}") = "prometheus", "prometheus", "{14EA41F3-2965-4052-946C-589AE6CF6236}"
	ProjectSection(SolutionItems) = preProject
		configs\prometheus\alert.rules = configs\prometheus\alert.rules
		configs\prometheus\prometheus.yml = configs\prometheus\prometheus.yml
	EndProjectSection
EndProject
Project("{2150E333-8FDC-42A3-9474-1A3956D46DE8}") = "loki", "loki", "{9329F5C0-2501-44A5-A83F-47C575F37A5A}"
	ProjectSection(SolutionItems) = preProject
		configs\loki\local-config.yaml = configs\loki\local-config.yaml
	EndProjectSection
EndProject
Project("{9A19103F-16F7-4668-BE54-9A1E7A4F7556}") = "Core", "src\SharedKernel\Core\Core.csproj", "{E2C0B317-70DE-4CAE-8458-3EF0CFE008E1}"
EndProject
Project("{9A19103F-16F7-4668-BE54-9A1E7A4F7556}") = "Core.AspNet", "src\SharedKernel\Core.AspNetCore\Core.AspNet.csproj", "{E080A302-C07C-4AD7-A383-77CC32BFAF2C}"
EndProject
Project("{9A19103F-16F7-4668-BE54-9A1E7A4F7556}") = "Core.Autofac", "src\SharedKernel\Core.Autofac\Core.Autofac.csproj", "{2DD701A7-4865-43F4-B46F-5692A3955D63}"
EndProject
Project("{9A19103F-16F7-4668-BE54-9A1E7A4F7556}") = "Core.MediaR", "src\SharedKernel\Core.MediaR\Core.MediaR.csproj", "{5966FDF3-7FCE-4E16-87C5-1257971EAAF1}"
EndProject
Project("{9A19103F-16F7-4668-BE54-9A1E7A4F7556}") = "Core.Kafka", "src\SharedKernel\Core.Kafka\Core.Kafka.csproj", "{BEDF6654-9411-4440-85CA-E86D4DFA87B5}"
EndProject
Project("{2150E333-8FDC-42A3-9474-1A3956D46DE8}") = "Product", "Product", "{5D3E9602-6E68-423F-8502-F14B3869F0C9}"
EndProject
Project("{9A19103F-16F7-4668-BE54-9A1E7A4F7556}") = "Product.API", "src\Services\Product\Product.API\Product.API.csproj", "{3733ED3F-B0A9-48F3-BC82-B0A857700886}"
EndProject
Project("{9A19103F-16F7-4668-BE54-9A1E7A4F7556}") = "Core.EntityFramework", "src\SharedKernel\Core.EntityFramework\Core.EntityFramework.csproj", "{FF9FE1B1-50FA-4C51-9C8A-B46C5DE7598A}"
EndProject
Project("{9A19103F-16F7-4668-BE54-9A1E7A4F7556}") = "Core.MongoDB", "src\SharedKernel\Core.MongoDB\Core.MongoDB.csproj", "{861095AB-9F2C-4A04-912D-962DB1DEE641}"
EndProject
Project("{9A19103F-16F7-4668-BE54-9A1E7A4F7556}") = "ProductAggregate.API", "src\Services\Product\ProductAggregate.API\ProductAggregate.API.csproj", "{FDBC991F-47B9-4F80-9086-3EF934B511FE}"
EndProject
Project("{2150E333-8FDC-42A3-9474-1A3956D46DE8}") = "Ordering", "Ordering", "{1EA2E538-9809-4497-B50E-9F6926DA175D}"
EndProject
Project("{2150E333-8FDC-42A3-9474-1A3956D46DE8}") = "Payment", "Payment", "{E96B9836-F3B8-4BEF-BFC4-D8C5E77C944F}"
EndProject
Project("{9A19103F-16F7-4668-BE54-9A1E7A4F7556}") = "Ordering.API", "src\Services\Ordering\Ordering.API\Ordering.API.csproj", "{893060C1-6E0F-4727-AAED-3EFD59BEDCEB}"
EndProject
Project("{9A19103F-16F7-4668-BE54-9A1E7A4F7556}") = "Core.Marten", "src\SharedKernel\Core.Marten\Core.Marten.csproj", "{2D563A2C-7CCD-463E-A4C5-EDE986013552}"
EndProject
Project("{9A19103F-16F7-4668-BE54-9A1E7A4F7556}") = "Payment.API", "src\Services\Payment\Payment.API\Payment.API.csproj", "{D8DB2185-A787-47AA-921C-8474CF233865}"
EndProject
Project("{2150E333-8FDC-42A3-9474-1A3956D46DE8}") = "Seller", "Seller", "{F3E136F1-D24C-4856-9419-C3264F2625C4}"
EndProject
Project("{9A19103F-16F7-4668-BE54-9A1E7A4F7556}") = "Seller.API", "src\Services\Seller\Seller.API\Seller.API.csproj", "{E026F64B-63CF-4D02-860E-ADBB954F2E96}"
EndProject
Project("{2150E333-8FDC-42A3-9474-1A3956D46DE8}") = "dbs", "dbs", "{1A4B7B84-83E9-42CF-8155-9CE2E6D42513}"
	ProjectSection(SolutionItems) = preProject
		configs\dbs\init-keycloak.sql = configs\dbs\init-keycloak.sql
	EndProjectSection
EndProject
Project("{2150E333-8FDC-42A3-9474-1A3956D46DE8}") = "configs", "configs", "{C7C06028-591B-4FFF-A5AB-3F0AB203D009}"
EndProject
Global
	GlobalSection(SolutionConfigurationPlatforms) = preSolution
		Debug|Any CPU = Debug|Any CPU
		Release|Any CPU = Release|Any CPU
	EndGlobalSection
	GlobalSection(ProjectConfigurationPlatforms) = postSolution
		{B71FB92E-7F8A-45B7-9EC0-D324031DBEB6}.Debug|Any CPU.ActiveCfg = Debug|Any CPU
		{B71FB92E-7F8A-45B7-9EC0-D324031DBEB6}.Debug|Any CPU.Build.0 = Debug|Any CPU
		{B71FB92E-7F8A-45B7-9EC0-D324031DBEB6}.Release|Any CPU.ActiveCfg = Release|Any CPU
		{B71FB92E-7F8A-45B7-9EC0-D324031DBEB6}.Release|Any CPU.Build.0 = Release|Any CPU
		{65ADC889-DA20-4ABA-9C53-0070B2523B1C}.Debug|Any CPU.ActiveCfg = Debug|Any CPU
		{65ADC889-DA20-4ABA-9C53-0070B2523B1C}.Debug|Any CPU.Build.0 = Debug|Any CPU
		{65ADC889-DA20-4ABA-9C53-0070B2523B1C}.Release|Any CPU.ActiveCfg = Release|Any CPU
		{65ADC889-DA20-4ABA-9C53-0070B2523B1C}.Release|Any CPU.Build.0 = Release|Any CPU
		{E2C0B317-70DE-4CAE-8458-3EF0CFE008E1}.Debug|Any CPU.ActiveCfg = Debug|Any CPU
		{E2C0B317-70DE-4CAE-8458-3EF0CFE008E1}.Debug|Any CPU.Build.0 = Debug|Any CPU
		{E2C0B317-70DE-4CAE-8458-3EF0CFE008E1}.Release|Any CPU.ActiveCfg = Release|Any CPU
		{E2C0B317-70DE-4CAE-8458-3EF0CFE008E1}.Release|Any CPU.Build.0 = Release|Any CPU
		{E080A302-C07C-4AD7-A383-77CC32BFAF2C}.Debug|Any CPU.ActiveCfg = Debug|Any CPU
		{E080A302-C07C-4AD7-A383-77CC32BFAF2C}.Debug|Any CPU.Build.0 = Debug|Any CPU
		{E080A302-C07C-4AD7-A383-77CC32BFAF2C}.Release|Any CPU.ActiveCfg = Release|Any CPU
		{E080A302-C07C-4AD7-A383-77CC32BFAF2C}.Release|Any CPU.Build.0 = Release|Any CPU
		{2DD701A7-4865-43F4-B46F-5692A3955D63}.Debug|Any CPU.ActiveCfg = Debug|Any CPU
		{2DD701A7-4865-43F4-B46F-5692A3955D63}.Debug|Any CPU.Build.0 = Debug|Any CPU
		{2DD701A7-4865-43F4-B46F-5692A3955D63}.Release|Any CPU.ActiveCfg = Release|Any CPU
		{2DD701A7-4865-43F4-B46F-5692A3955D63}.Release|Any CPU.Build.0 = Release|Any CPU
		{5966FDF3-7FCE-4E16-87C5-1257971EAAF1}.Debug|Any CPU.ActiveCfg = Debug|Any CPU
		{5966FDF3-7FCE-4E16-87C5-1257971EAAF1}.Debug|Any CPU.Build.0 = Debug|Any CPU
		{5966FDF3-7FCE-4E16-87C5-1257971EAAF1}.Release|Any CPU.ActiveCfg = Release|Any CPU
		{5966FDF3-7FCE-4E16-87C5-1257971EAAF1}.Release|Any CPU.Build.0 = Release|Any CPU
		{BEDF6654-9411-4440-85CA-E86D4DFA87B5}.Debug|Any CPU.ActiveCfg = Debug|Any CPU
		{BEDF6654-9411-4440-85CA-E86D4DFA87B5}.Debug|Any CPU.Build.0 = Debug|Any CPU
		{BEDF6654-9411-4440-85CA-E86D4DFA87B5}.Release|Any CPU.ActiveCfg = Release|Any CPU
		{BEDF6654-9411-4440-85CA-E86D4DFA87B5}.Release|Any CPU.Build.0 = Release|Any CPU
		{3733ED3F-B0A9-48F3-BC82-B0A857700886}.Debug|Any CPU.ActiveCfg = Debug|Any CPU
		{3733ED3F-B0A9-48F3-BC82-B0A857700886}.Debug|Any CPU.Build.0 = Debug|Any CPU
		{3733ED3F-B0A9-48F3-BC82-B0A857700886}.Release|Any CPU.ActiveCfg = Release|Any CPU
		{3733ED3F-B0A9-48F3-BC82-B0A857700886}.Release|Any CPU.Build.0 = Release|Any CPU
		{FF9FE1B1-50FA-4C51-9C8A-B46C5DE7598A}.Debug|Any CPU.ActiveCfg = Debug|Any CPU
		{FF9FE1B1-50FA-4C51-9C8A-B46C5DE7598A}.Debug|Any CPU.Build.0 = Debug|Any CPU
		{FF9FE1B1-50FA-4C51-9C8A-B46C5DE7598A}.Release|Any CPU.ActiveCfg = Release|Any CPU
		{FF9FE1B1-50FA-4C51-9C8A-B46C5DE7598A}.Release|Any CPU.Build.0 = Release|Any CPU
		{861095AB-9F2C-4A04-912D-962DB1DEE641}.Debug|Any CPU.ActiveCfg = Debug|Any CPU
		{861095AB-9F2C-4A04-912D-962DB1DEE641}.Debug|Any CPU.Build.0 = Debug|Any CPU
		{861095AB-9F2C-4A04-912D-962DB1DEE641}.Release|Any CPU.ActiveCfg = Release|Any CPU
		{861095AB-9F2C-4A04-912D-962DB1DEE641}.Release|Any CPU.Build.0 = Release|Any CPU
		{FDBC991F-47B9-4F80-9086-3EF934B511FE}.Debug|Any CPU.ActiveCfg = Debug|Any CPU
		{FDBC991F-47B9-4F80-9086-3EF934B511FE}.Debug|Any CPU.Build.0 = Debug|Any CPU
		{FDBC991F-47B9-4F80-9086-3EF934B511FE}.Release|Any CPU.ActiveCfg = Release|Any CPU
		{FDBC991F-47B9-4F80-9086-3EF934B511FE}.Release|Any CPU.Build.0 = Release|Any CPU
		{893060C1-6E0F-4727-AAED-3EFD59BEDCEB}.Debug|Any CPU.ActiveCfg = Debug|Any CPU
		{893060C1-6E0F-4727-AAED-3EFD59BEDCEB}.Debug|Any CPU.Build.0 = Debug|Any CPU
		{893060C1-6E0F-4727-AAED-3EFD59BEDCEB}.Release|Any CPU.ActiveCfg = Release|Any CPU
		{893060C1-6E0F-4727-AAED-3EFD59BEDCEB}.Release|Any CPU.Build.0 = Release|Any CPU
		{2D563A2C-7CCD-463E-A4C5-EDE986013552}.Debug|Any CPU.ActiveCfg = Debug|Any CPU
		{2D563A2C-7CCD-463E-A4C5-EDE986013552}.Debug|Any CPU.Build.0 = Debug|Any CPU
		{2D563A2C-7CCD-463E-A4C5-EDE986013552}.Release|Any CPU.ActiveCfg = Release|Any CPU
		{2D563A2C-7CCD-463E-A4C5-EDE986013552}.Release|Any CPU.Build.0 = Release|Any CPU
		{D8DB2185-A787-47AA-921C-8474CF233865}.Debug|Any CPU.ActiveCfg = Debug|Any CPU
		{D8DB2185-A787-47AA-921C-8474CF233865}.Debug|Any CPU.Build.0 = Debug|Any CPU
		{D8DB2185-A787-47AA-921C-8474CF233865}.Release|Any CPU.ActiveCfg = Release|Any CPU
		{D8DB2185-A787-47AA-921C-8474CF233865}.Release|Any CPU.Build.0 = Release|Any CPU
		{E026F64B-63CF-4D02-860E-ADBB954F2E96}.Debug|Any CPU.ActiveCfg = Debug|Any CPU
		{E026F64B-63CF-4D02-860E-ADBB954F2E96}.Debug|Any CPU.Build.0 = Debug|Any CPU
		{E026F64B-63CF-4D02-860E-ADBB954F2E96}.Release|Any CPU.ActiveCfg = Release|Any CPU
		{E026F64B-63CF-4D02-860E-ADBB954F2E96}.Release|Any CPU.Build.0 = Release|Any CPU
	EndGlobalSection
	GlobalSection(SolutionProperties) = preSolution
		HideSolutionNode = FALSE
	EndGlobalSection
	GlobalSection(NestedProjects) = preSolution
		{55E4A1E9-752A-41E5-8D82-A01450731502} = {4023CEDB-2D1A-4F1C-9453-1F4BD86C7BF7}
		{F05225D2-2AE2-44E0-B1C2-EAC88CE8DF6C} = {4023CEDB-2D1A-4F1C-9453-1F4BD86C7BF7}
		{8AAD5322-2C93-4CE4-8228-7000E746BEA0} = {4023CEDB-2D1A-4F1C-9453-1F4BD86C7BF7}
		{B71FB92E-7F8A-45B7-9EC0-D324031DBEB6} = {55E4A1E9-752A-41E5-8D82-A01450731502}
		{DB73BB76-6D14-48C0-A365-5E64D0D97982} = {C7C06028-591B-4FFF-A5AB-3F0AB203D009}
		{08E09F41-DA0A-4791-8168-A53D235AE3D3} = {C7C06028-591B-4FFF-A5AB-3F0AB203D009}
		{444978F9-B99E-438C-8A0A-3B3110B38166} = {08E09F41-DA0A-4791-8168-A53D235AE3D3}
		{A70C9FEC-FB89-45A8-A490-7ED99D0E836C} = {444978F9-B99E-438C-8A0A-3B3110B38166}
		{0030F574-AC5B-41AA-A55A-161507214AAF} = {444978F9-B99E-438C-8A0A-3B3110B38166}
		{14EA41F3-2965-4052-946C-589AE6CF6236} = {C7C06028-591B-4FFF-A5AB-3F0AB203D009}
		{9329F5C0-2501-44A5-A83F-47C575F37A5A} = {C7C06028-591B-4FFF-A5AB-3F0AB203D009}
		{E2C0B317-70DE-4CAE-8458-3EF0CFE008E1} = {F05225D2-2AE2-44E0-B1C2-EAC88CE8DF6C}
		{E080A302-C07C-4AD7-A383-77CC32BFAF2C} = {F05225D2-2AE2-44E0-B1C2-EAC88CE8DF6C}
		{2DD701A7-4865-43F4-B46F-5692A3955D63} = {F05225D2-2AE2-44E0-B1C2-EAC88CE8DF6C}
		{5966FDF3-7FCE-4E16-87C5-1257971EAAF1} = {F05225D2-2AE2-44E0-B1C2-EAC88CE8DF6C}
		{BEDF6654-9411-4440-85CA-E86D4DFA87B5} = {F05225D2-2AE2-44E0-B1C2-EAC88CE8DF6C}
		{5D3E9602-6E68-423F-8502-F14B3869F0C9} = {8AAD5322-2C93-4CE4-8228-7000E746BEA0}
		{3733ED3F-B0A9-48F3-BC82-B0A857700886} = {5D3E9602-6E68-423F-8502-F14B3869F0C9}
		{FF9FE1B1-50FA-4C51-9C8A-B46C5DE7598A} = {F05225D2-2AE2-44E0-B1C2-EAC88CE8DF6C}
		{861095AB-9F2C-4A04-912D-962DB1DEE641} = {F05225D2-2AE2-44E0-B1C2-EAC88CE8DF6C}
		{FDBC991F-47B9-4F80-9086-3EF934B511FE} = {5D3E9602-6E68-423F-8502-F14B3869F0C9}
		{1EA2E538-9809-4497-B50E-9F6926DA175D} = {8AAD5322-2C93-4CE4-8228-7000E746BEA0}
		{E96B9836-F3B8-4BEF-BFC4-D8C5E77C944F} = {8AAD5322-2C93-4CE4-8228-7000E746BEA0}
		{893060C1-6E0F-4727-AAED-3EFD59BEDCEB} = {1EA2E538-9809-4497-B50E-9F6926DA175D}
		{2D563A2C-7CCD-463E-A4C5-EDE986013552} = {F05225D2-2AE2-44E0-B1C2-EAC88CE8DF6C}
		{D8DB2185-A787-47AA-921C-8474CF233865} = {E96B9836-F3B8-4BEF-BFC4-D8C5E77C944F}
		{F3E136F1-D24C-4856-9419-C3264F2625C4} = {8AAD5322-2C93-4CE4-8228-7000E746BEA0}
		{E026F64B-63CF-4D02-860E-ADBB954F2E96} = {F3E136F1-D24C-4856-9419-C3264F2625C4}
		{1A4B7B84-83E9-42CF-8155-9CE2E6D42513} = {C7C06028-591B-4FFF-A5AB-3F0AB203D009}
	EndGlobalSection
	GlobalSection(ExtensibilityGlobals) = postSolution
		SolutionGuid = {99FAD885-0804-4859-94E6-346559EF4C54}
	EndGlobalSection
EndGlobal
