
Microsoft Visual Studio Solution File, Format Version 12.00
# Visual Studio Version 17
VisualStudioVersion = 17.8.34330.188
MinimumVisualStudioVersion = 10.0.40219.1
Project("{2150E333-8FDC-42A3-9474-1A3956D46DE8}") = "ApiGateways", "ApiGateways", "{55E4A1E9-752A-41E5-8D82-A01450731502}"
EndProject
Project("{2150E333-8FDC-42A3-9474-1A3956D46DE8}") = "SharedKernel", "SharedKernel", "{F05225D2-2AE2-44E0-B1C2-EAC88CE8DF6C}"
EndProject
Project("{2150E333-8FDC-42A3-9474-1A3956D46DE8}") = "Services", "Services", "{8AAD5322-2C93-4CE4-8228-7000E746BEA0}"
EndProject
Project("{2150E333-8FDC-42A3-9474-1A3956D46DE8}") = "Identity", "Identity", "{1FE2EFF8-ACA1-4199-9871-F3525A591CBE}"
EndProject
Project("{2150E333-8FDC-42A3-9474-1A3956D46DE8}") = "src", "src", "{4023CEDB-2D1A-4F1C-9453-1F4BD86C7BF7}"
EndProject
Project("{9A19103F-16F7-4668-BE54-9A1E7A4F7556}") = "Identity.API", "src\Services\Identity\Identity.API\Identity.API.csproj", "{94B0F69C-DBD6-47DD-8D0F-A0CB84887A23}"
EndProject
Project("{9A19103F-16F7-4668-BE54-9A1E7A4F7556}") = "Identity.Domain", "src\Services\Identity\Identity.Domain\Identity.Domain.csproj", "{A2A0A2A9-2192-4BFE-9212-8E854F3D3EB5}"
EndProject
Project("{9A19103F-16F7-4668-BE54-9A1E7A4F7556}") = "Identity.Application", "src\Services\Identity\Identity.Application\Identity.Application.csproj", "{290B7AEB-C456-4B63-A466-BC7246237609}"
EndProject
Project("{9A19103F-16F7-4668-BE54-9A1E7A4F7556}") = "Identity.Infrastructure", "src\Services\Identity\Identity.Infrastructure\Identity.Infrastructure.csproj", "{F8FB98DD-EAE3-4141-858D-7C25F4FC5D5F}"
EndProject
Project("{2150E333-8FDC-42A3-9474-1A3956D46DE8}") = "test", "test", "{BDDADF63-3335-47A5-935E-81286D17AC40}"
EndProject
Project("{9A19103F-16F7-4668-BE54-9A1E7A4F7556}") = "Web.ApiGateway", "src\ApiGateways\Web.ApiGateway\Web.ApiGateway.csproj", "{B71FB92E-7F8A-45B7-9EC0-D324031DBEB6}"
EndProject
Project("{E53339B2-1760-4266-BCC7-CA923CBCF16C}") = "docker-compose", "docker-compose.dcproj", "{65ADC889-DA20-4ABA-9C53-0070B2523B1C}"
EndProject
Project("{2150E333-8FDC-42A3-9474-1A3956D46DE8}") = "fluent-bit", "fluent-bit", "{DB73BB76-6D14-48C0-A365-5E64D0D97982}"
	ProjectSection(SolutionItems) = preProject
		fluent-bit\fluent-bit.conf = fluent-bit\fluent-bit.conf
		fluent-bit\parsers.conf = fluent-bit\parsers.conf
	EndProjectSection
EndProject
Project("{2150E333-8FDC-42A3-9474-1A3956D46DE8}") = "grafana", "grafana", "{08E09F41-DA0A-4791-8168-A53D235AE3D3}"
EndProject
Project("{2150E333-8FDC-42A3-9474-1A3956D46DE8}") = "provisioning", "provisioning", "{444978F9-B99E-438C-8A0A-3B3110B38166}"
EndProject
Project("{2150E333-8FDC-42A3-9474-1A3956D46DE8}") = "datasources", "datasources", "{A70C9FEC-FB89-45A8-A490-7ED99D0E836C}"
	ProjectSection(SolutionItems) = preProject
		grafana\provisioning\datasources\datasouces.yaml = grafana\provisioning\datasources\datasouces.yaml
	EndProjectSection
EndProject
Project("{2150E333-8FDC-42A3-9474-1A3956D46DE8}") = "dashboards", "dashboards", "{0030F574-AC5B-41AA-A55A-161507214AAF}"
	ProjectSection(SolutionItems) = preProject
		grafana\provisioning\dashboards\dashboard.yml = grafana\provisioning\dashboards\dashboard.yml
		grafana\provisioning\dashboards\docker_containers.json = grafana\provisioning\dashboards\docker_containers.json
		grafana\provisioning\dashboards\docker_host.json = grafana\provisioning\dashboards\docker_host.json
		grafana\provisioning\dashboards\monitor_services.json = grafana\provisioning\dashboards\monitor_services.json
		grafana\provisioning\dashboards\nginx_container.json = grafana\provisioning\dashboards\nginx_container.json
	EndProjectSection
EndProject
Project("{2150E333-8FDC-42A3-9474-1A3956D46DE8}") = "prometheus", "prometheus", "{14EA41F3-2965-4052-946C-589AE6CF6236}"
	ProjectSection(SolutionItems) = preProject
		prometheus\alert.rules = prometheus\alert.rules
		prometheus\prometheus.yml = prometheus\prometheus.yml
	EndProjectSection
EndProject
Project("{2150E333-8FDC-42A3-9474-1A3956D46DE8}") = "loki", "loki", "{9329F5C0-2501-44A5-A83F-47C575F37A5A}"
	ProjectSection(SolutionItems) = preProject
		loki\local-config.yaml = loki\local-config.yaml
	EndProjectSection
EndProject
Project("{9A19103F-16F7-4668-BE54-9A1E7A4F7556}") = "Core", "src\SharedKernel\Core\Core.csproj", "{E2C0B317-70DE-4CAE-8458-3EF0CFE008E1}"
EndProject
Project("{9A19103F-16F7-4668-BE54-9A1E7A4F7556}") = "Core.AspNet", "src\SharedKernel\Core.AspNetCore\Core.AspNet.csproj", "{E080A302-C07C-4AD7-A383-77CC32BFAF2C}"
EndProject
Project("{9A19103F-16F7-4668-BE54-9A1E7A4F7556}") = "Core.Autofac", "src\SharedKernel\Core.Autofac\Core.Autofac.csproj", "{2DD701A7-4865-43F4-B46F-5692A3955D63}"
EndProject
Project("{9A19103F-16F7-4668-BE54-9A1E7A4F7556}") = "Core.MediaR", "src\SharedKernel\Core.MediaR\Core.MediaR.csproj", "{5966FDF3-7FCE-4E16-87C5-1257971EAAF1}"
EndProject
Project("{9A19103F-16F7-4668-BE54-9A1E7A4F7556}") = "Core.Kafka", "src\SharedKernel\Core.Kafka\Core.Kafka.csproj", "{BEDF6654-9411-4440-85CA-E86D4DFA87B5}"
EndProject
Project("{2150E333-8FDC-42A3-9474-1A3956D46DE8}") = "Product", "Product", "{5D3E9602-6E68-423F-8502-F14B3869F0C9}"
EndProject
Project("{9A19103F-16F7-4668-BE54-9A1E7A4F7556}") = "Product.API", "src\Services\Product.API\Product.API.csproj", "{3733ED3F-B0A9-48F3-BC82-B0A857700886}"
EndProject
Project("{2150E333-8FDC-42A3-9474-1A3956D46DE8}") = "EmployeeMgt", "EmployeeMgt", "{64A19563-A352-46AF-8404-944F49AF1A7A}"
EndProject
Project("{9A19103F-16F7-4668-BE54-9A1E7A4F7556}") = "EmployeeMgt.API", "src\Services\EmployeeMgt\EmployeeMgt.API\EmployeeMgt.API.csproj", "{6ED54B2A-52E4-46DE-AEDC-143896D33389}"
EndProject
Project("{9A19103F-16F7-4668-BE54-9A1E7A4F7556}") = "EmployeeMgt.Application", "src\Services\EmployeeMgt\EmployeeMgt.Application\EmployeeMgt.Application.csproj", "{76970DE1-EF7F-4F3A-9A69-7CA860AF9214}"
EndProject
Project("{9A19103F-16F7-4668-BE54-9A1E7A4F7556}") = "EmployeeMgt.Domain", "src\Services\EmployeeMgt\EmployeeMgt.Domain\EmployeeMgt.Domain.csproj", "{DE25E3CE-972A-4418-BFA8-E3EAEB4A54A5}"
EndProject
Project("{9A19103F-16F7-4668-BE54-9A1E7A4F7556}") = "EmployeeMgt.Infrastructure", "src\Services\EmployeeMgt\EmployeeMgt.Infrastructure\EmployeeMgt.Infrastructure.csproj", "{09DDFF23-FEE0-4A55-96E4-B963CCB395CE}"
EndProject
Project("{2150E333-8FDC-42A3-9474-1A3956D46DE8}") = "CommonServices", "CommonServices", "{BF98A7B3-E60D-4F00-8E84-3330910DA602}"
EndProject
Project("{9A19103F-16F7-4668-BE54-9A1E7A4F7556}") = "Core.Contract", "src\Services\CommonServices\Core.Contract\Core.Contract.csproj", "{BBD2A7BC-718E-4020-A180-577952AAC06C}"
EndProject
Global
	GlobalSection(SolutionConfigurationPlatforms) = preSolution
		Debug|Any CPU = Debug|Any CPU
		Release|Any CPU = Release|Any CPU
	EndGlobalSection
	GlobalSection(ProjectConfigurationPlatforms) = postSolution
		{94B0F69C-DBD6-47DD-8D0F-A0CB84887A23}.Debug|Any CPU.ActiveCfg = Debug|Any CPU
		{94B0F69C-DBD6-47DD-8D0F-A0CB84887A23}.Debug|Any CPU.Build.0 = Debug|Any CPU
		{94B0F69C-DBD6-47DD-8D0F-A0CB84887A23}.Release|Any CPU.ActiveCfg = Release|Any CPU
		{94B0F69C-DBD6-47DD-8D0F-A0CB84887A23}.Release|Any CPU.Build.0 = Release|Any CPU
		{A2A0A2A9-2192-4BFE-9212-8E854F3D3EB5}.Debug|Any CPU.ActiveCfg = Debug|Any CPU
		{A2A0A2A9-2192-4BFE-9212-8E854F3D3EB5}.Debug|Any CPU.Build.0 = Debug|Any CPU
		{A2A0A2A9-2192-4BFE-9212-8E854F3D3EB5}.Release|Any CPU.ActiveCfg = Release|Any CPU
		{A2A0A2A9-2192-4BFE-9212-8E854F3D3EB5}.Release|Any CPU.Build.0 = Release|Any CPU
		{290B7AEB-C456-4B63-A466-BC7246237609}.Debug|Any CPU.ActiveCfg = Debug|Any CPU
		{290B7AEB-C456-4B63-A466-BC7246237609}.Debug|Any CPU.Build.0 = Debug|Any CPU
		{290B7AEB-C456-4B63-A466-BC7246237609}.Release|Any CPU.ActiveCfg = Release|Any CPU
		{290B7AEB-C456-4B63-A466-BC7246237609}.Release|Any CPU.Build.0 = Release|Any CPU
		{F8FB98DD-EAE3-4141-858D-7C25F4FC5D5F}.Debug|Any CPU.ActiveCfg = Debug|Any CPU
		{F8FB98DD-EAE3-4141-858D-7C25F4FC5D5F}.Debug|Any CPU.Build.0 = Debug|Any CPU
		{F8FB98DD-EAE3-4141-858D-7C25F4FC5D5F}.Release|Any CPU.ActiveCfg = Release|Any CPU
		{F8FB98DD-EAE3-4141-858D-7C25F4FC5D5F}.Release|Any CPU.Build.0 = Release|Any CPU
		{B71FB92E-7F8A-45B7-9EC0-D324031DBEB6}.Debug|Any CPU.ActiveCfg = Debug|Any CPU
		{B71FB92E-7F8A-45B7-9EC0-D324031DBEB6}.Debug|Any CPU.Build.0 = Debug|Any CPU
		{B71FB92E-7F8A-45B7-9EC0-D324031DBEB6}.Release|Any CPU.ActiveCfg = Release|Any CPU
		{B71FB92E-7F8A-45B7-9EC0-D324031DBEB6}.Release|Any CPU.Build.0 = Release|Any CPU
		{65ADC889-DA20-4ABA-9C53-0070B2523B1C}.Debug|Any CPU.ActiveCfg = Debug|Any CPU
		{65ADC889-DA20-4ABA-9C53-0070B2523B1C}.Debug|Any CPU.Build.0 = Debug|Any CPU
		{65ADC889-DA20-4ABA-9C53-0070B2523B1C}.Release|Any CPU.ActiveCfg = Release|Any CPU
		{65ADC889-DA20-4ABA-9C53-0070B2523B1C}.Release|Any CPU.Build.0 = Release|Any CPU
		{E2C0B317-70DE-4CAE-8458-3EF0CFE008E1}.Debug|Any CPU.ActiveCfg = Debug|Any CPU
		{E2C0B317-70DE-4CAE-8458-3EF0CFE008E1}.Debug|Any CPU.Build.0 = Debug|Any CPU
		{E2C0B317-70DE-4CAE-8458-3EF0CFE008E1}.Release|Any CPU.ActiveCfg = Release|Any CPU
		{E2C0B317-70DE-4CAE-8458-3EF0CFE008E1}.Release|Any CPU.Build.0 = Release|Any CPU
		{E080A302-C07C-4AD7-A383-77CC32BFAF2C}.Debug|Any CPU.ActiveCfg = Debug|Any CPU
		{E080A302-C07C-4AD7-A383-77CC32BFAF2C}.Debug|Any CPU.Build.0 = Debug|Any CPU
		{E080A302-C07C-4AD7-A383-77CC32BFAF2C}.Release|Any CPU.ActiveCfg = Release|Any CPU
		{E080A302-C07C-4AD7-A383-77CC32BFAF2C}.Release|Any CPU.Build.0 = Release|Any CPU
		{2DD701A7-4865-43F4-B46F-5692A3955D63}.Debug|Any CPU.ActiveCfg = Debug|Any CPU
		{2DD701A7-4865-43F4-B46F-5692A3955D63}.Debug|Any CPU.Build.0 = Debug|Any CPU
		{2DD701A7-4865-43F4-B46F-5692A3955D63}.Release|Any CPU.ActiveCfg = Release|Any CPU
		{2DD701A7-4865-43F4-B46F-5692A3955D63}.Release|Any CPU.Build.0 = Release|Any CPU
		{5966FDF3-7FCE-4E16-87C5-1257971EAAF1}.Debug|Any CPU.ActiveCfg = Debug|Any CPU
		{5966FDF3-7FCE-4E16-87C5-1257971EAAF1}.Debug|Any CPU.Build.0 = Debug|Any CPU
		{5966FDF3-7FCE-4E16-87C5-1257971EAAF1}.Release|Any CPU.ActiveCfg = Release|Any CPU
		{5966FDF3-7FCE-4E16-87C5-1257971EAAF1}.Release|Any CPU.Build.0 = Release|Any CPU
		{BEDF6654-9411-4440-85CA-E86D4DFA87B5}.Debug|Any CPU.ActiveCfg = Debug|Any CPU
		{BEDF6654-9411-4440-85CA-E86D4DFA87B5}.Debug|Any CPU.Build.0 = Debug|Any CPU
		{BEDF6654-9411-4440-85CA-E86D4DFA87B5}.Release|Any CPU.ActiveCfg = Release|Any CPU
		{BEDF6654-9411-4440-85CA-E86D4DFA87B5}.Release|Any CPU.Build.0 = Release|Any CPU
		{3733ED3F-B0A9-48F3-BC82-B0A857700886}.Debug|Any CPU.ActiveCfg = Debug|Any CPU
		{3733ED3F-B0A9-48F3-BC82-B0A857700886}.Debug|Any CPU.Build.0 = Debug|Any CPU
		{3733ED3F-B0A9-48F3-BC82-B0A857700886}.Release|Any CPU.ActiveCfg = Release|Any CPU
		{3733ED3F-B0A9-48F3-BC82-B0A857700886}.Release|Any CPU.Build.0 = Release|Any CPU
		{6ED54B2A-52E4-46DE-AEDC-143896D33389}.Debug|Any CPU.ActiveCfg = Debug|Any CPU
		{6ED54B2A-52E4-46DE-AEDC-143896D33389}.Debug|Any CPU.Build.0 = Debug|Any CPU
		{6ED54B2A-52E4-46DE-AEDC-143896D33389}.Release|Any CPU.ActiveCfg = Release|Any CPU
		{6ED54B2A-52E4-46DE-AEDC-143896D33389}.Release|Any CPU.Build.0 = Release|Any CPU
		{76970DE1-EF7F-4F3A-9A69-7CA860AF9214}.Debug|Any CPU.ActiveCfg = Debug|Any CPU
		{76970DE1-EF7F-4F3A-9A69-7CA860AF9214}.Debug|Any CPU.Build.0 = Debug|Any CPU
		{76970DE1-EF7F-4F3A-9A69-7CA860AF9214}.Release|Any CPU.ActiveCfg = Release|Any CPU
		{76970DE1-EF7F-4F3A-9A69-7CA860AF9214}.Release|Any CPU.Build.0 = Release|Any CPU
		{DE25E3CE-972A-4418-BFA8-E3EAEB4A54A5}.Debug|Any CPU.ActiveCfg = Debug|Any CPU
		{DE25E3CE-972A-4418-BFA8-E3EAEB4A54A5}.Debug|Any CPU.Build.0 = Debug|Any CPU
		{DE25E3CE-972A-4418-BFA8-E3EAEB4A54A5}.Release|Any CPU.ActiveCfg = Release|Any CPU
		{DE25E3CE-972A-4418-BFA8-E3EAEB4A54A5}.Release|Any CPU.Build.0 = Release|Any CPU
		{09DDFF23-FEE0-4A55-96E4-B963CCB395CE}.Debug|Any CPU.ActiveCfg = Debug|Any CPU
		{09DDFF23-FEE0-4A55-96E4-B963CCB395CE}.Debug|Any CPU.Build.0 = Debug|Any CPU
		{09DDFF23-FEE0-4A55-96E4-B963CCB395CE}.Release|Any CPU.ActiveCfg = Release|Any CPU
		{09DDFF23-FEE0-4A55-96E4-B963CCB395CE}.Release|Any CPU.Build.0 = Release|Any CPU
		{BBD2A7BC-718E-4020-A180-577952AAC06C}.Debug|Any CPU.ActiveCfg = Debug|Any CPU
		{BBD2A7BC-718E-4020-A180-577952AAC06C}.Debug|Any CPU.Build.0 = Debug|Any CPU
		{BBD2A7BC-718E-4020-A180-577952AAC06C}.Release|Any CPU.ActiveCfg = Release|Any CPU
		{BBD2A7BC-718E-4020-A180-577952AAC06C}.Release|Any CPU.Build.0 = Release|Any CPU
	EndGlobalSection
	GlobalSection(SolutionProperties) = preSolution
		HideSolutionNode = FALSE
	EndGlobalSection
	GlobalSection(NestedProjects) = preSolution
		{55E4A1E9-752A-41E5-8D82-A01450731502} = {4023CEDB-2D1A-4F1C-9453-1F4BD86C7BF7}
		{F05225D2-2AE2-44E0-B1C2-EAC88CE8DF6C} = {4023CEDB-2D1A-4F1C-9453-1F4BD86C7BF7}
		{8AAD5322-2C93-4CE4-8228-7000E746BEA0} = {4023CEDB-2D1A-4F1C-9453-1F4BD86C7BF7}
		{1FE2EFF8-ACA1-4199-9871-F3525A591CBE} = {8AAD5322-2C93-4CE4-8228-7000E746BEA0}
		{94B0F69C-DBD6-47DD-8D0F-A0CB84887A23} = {1FE2EFF8-ACA1-4199-9871-F3525A591CBE}
		{A2A0A2A9-2192-4BFE-9212-8E854F3D3EB5} = {1FE2EFF8-ACA1-4199-9871-F3525A591CBE}
		{290B7AEB-C456-4B63-A466-BC7246237609} = {1FE2EFF8-ACA1-4199-9871-F3525A591CBE}
		{F8FB98DD-EAE3-4141-858D-7C25F4FC5D5F} = {1FE2EFF8-ACA1-4199-9871-F3525A591CBE}
		{B71FB92E-7F8A-45B7-9EC0-D324031DBEB6} = {55E4A1E9-752A-41E5-8D82-A01450731502}
		{444978F9-B99E-438C-8A0A-3B3110B38166} = {08E09F41-DA0A-4791-8168-A53D235AE3D3}
		{A70C9FEC-FB89-45A8-A490-7ED99D0E836C} = {444978F9-B99E-438C-8A0A-3B3110B38166}
		{0030F574-AC5B-41AA-A55A-161507214AAF} = {444978F9-B99E-438C-8A0A-3B3110B38166}
		{E2C0B317-70DE-4CAE-8458-3EF0CFE008E1} = {F05225D2-2AE2-44E0-B1C2-EAC88CE8DF6C}
		{E080A302-C07C-4AD7-A383-77CC32BFAF2C} = {F05225D2-2AE2-44E0-B1C2-EAC88CE8DF6C}
		{2DD701A7-4865-43F4-B46F-5692A3955D63} = {F05225D2-2AE2-44E0-B1C2-EAC88CE8DF6C}
		{5966FDF3-7FCE-4E16-87C5-1257971EAAF1} = {F05225D2-2AE2-44E0-B1C2-EAC88CE8DF6C}
		{BEDF6654-9411-4440-85CA-E86D4DFA87B5} = {F05225D2-2AE2-44E0-B1C2-EAC88CE8DF6C}
		{5D3E9602-6E68-423F-8502-F14B3869F0C9} = {8AAD5322-2C93-4CE4-8228-7000E746BEA0}
		{3733ED3F-B0A9-48F3-BC82-B0A857700886} = {5D3E9602-6E68-423F-8502-F14B3869F0C9}
		{64A19563-A352-46AF-8404-944F49AF1A7A} = {8AAD5322-2C93-4CE4-8228-7000E746BEA0}
		{6ED54B2A-52E4-46DE-AEDC-143896D33389} = {64A19563-A352-46AF-8404-944F49AF1A7A}
		{76970DE1-EF7F-4F3A-9A69-7CA860AF9214} = {64A19563-A352-46AF-8404-944F49AF1A7A}
		{DE25E3CE-972A-4418-BFA8-E3EAEB4A54A5} = {64A19563-A352-46AF-8404-944F49AF1A7A}
		{09DDFF23-FEE0-4A55-96E4-B963CCB395CE} = {64A19563-A352-46AF-8404-944F49AF1A7A}
		{BF98A7B3-E60D-4F00-8E84-3330910DA602} = {8AAD5322-2C93-4CE4-8228-7000E746BEA0}
		{BBD2A7BC-718E-4020-A180-577952AAC06C} = {BF98A7B3-E60D-4F00-8E84-3330910DA602}
	EndGlobalSection
	GlobalSection(ExtensibilityGlobals) = postSolution
		SolutionGuid = {99FAD885-0804-4859-94E6-346559EF4C54}
	EndGlobalSection
EndGlobal
